
Microsoft Visual Studio Solution File, Format Version 12.00
# Visual Studio Version 17
VisualStudioVersion = 17.7.34018.315
MinimumVisualStudioVersion = 10.0.40219.1
Project("{FAE04EC0-301F-11D3-BF4B-00C04F79EFBC}") = "EmployeeDBApp", "EmployeeDBApp.csproj", "{3B79D1A4-71D3-406B-9A85-9B09D2C6A5DE}"
EndProject
Global
	GlobalSection(SolutionConfigurationPlatforms) = preSolution
		Debug|Any CPU = Debug|Any CPU
		Release|Any CPU = Release|Any CPU
	EndGlobalSection
	GlobalSection(ProjectConfigurationPlatforms) = postSolution
		{3B79D1A4-71D3-406B-9A85-9B09D2C6A5DE}.Debug|Any CPU.ActiveCfg = Debug|Any CPU
		{3B79D1A4-71D3-406B-9A85-9B09D2C6A5DE}.Debug|Any CPU.Build.0 = Debug|Any CPU
		{3B79D1A4-71D3-406B-9A85-9B09D2C6A5DE}.Release|Any CPU.ActiveCfg = Release|Any CPU
		{3B79D1A4-71D3-406B-9A85-9B09D2C6A5DE}.Release|Any CPU.Build.0 = Release|Any CPU
	EndGlobalSection
	GlobalSection(SolutionProperties) = preSolution
		HideSolutionNode = FALSE
	EndGlobalSection
	GlobalSection(ExtensibilityGlobals) = postSolution
		SolutionGuid = {28DEADCF-88CD-4DAC-9889-2F82C9CD8A3C}
	EndGlobalSection
EndGlobal
